{
  "version": 4,
  "terraform_version": "1.13.4",
  "serial": 12,
  "lineage": "50bc7fdb-043e-511a-371f-69965ce6c578",
  "outputs": {},
  "resources": [
    {
      "mode": "data",
      "type": "aws_ami",
      "name": "main",
      "provider": "provider[\"registry.terraform.io/hashicorp/aws\"]",
      "instances": [
        {
          "schema_version": 0,
          "attributes": {
            "allow_unsafe_filter": null,
            "architecture": "x86_64",
            "arn": "arn:aws:ec2:ap-northeast-2::image/ami-0d7f51b914bb4b808",
            "block_device_mappings": [
              {
                "device_name": "/dev/sda1",
                "ebs": {
                  "delete_on_termination": "true",
                  "encrypted": "false",
                  "iops": "0",
                  "snapshot_id": "snap-083b6ed1850592252",
                  "throughput": "0",
                  "volume_initialization_rate": "0",
                  "volume_size": "8",
                  "volume_type": "gp2"
                },
                "no_device": "",
                "virtual_name": ""
              },
              {
                "device_name": "/dev/sdb",
                "ebs": {},
                "no_device": "",
                "virtual_name": "ephemeral0"
              },
              {
                "device_name": "/dev/sdc",
                "ebs": {},
                "no_device": "",
                "virtual_name": "ephemeral1"
              }
            ],
            "boot_mode": "uefi-preferred",
            "creation_date": "2025-11-11T07:03:47.000Z",
            "deprecation_time": "2027-11-11T07:03:47.000Z",
            "description": "Canonical, Ubuntu, 22.04, amd64 jammy image",
            "ena_support": true,
            "executable_users": null,
            "filter": [
              {
                "name": "architecture",
                "values": [
                  "x86_64"
                ]
              },
              {
                "name": "name",
                "values": [
                  "ubuntu/images/hvm-ssd/ubuntu-jammy-22.04-amd64-server-*"
                ]
              },
              {
                "name": "virtualization-type",
                "values": [
                  "hvm"
                ]
              }
            ],
            "hypervisor": "xen",
            "id": "ami-0d7f51b914bb4b808",
            "image_id": "ami-0d7f51b914bb4b808",
            "image_location": "amazon/ubuntu/images/hvm-ssd/ubuntu-jammy-22.04-amd64-server-20251111",
            "image_owner_alias": "amazon",
            "image_type": "machine",
            "imds_support": "",
            "include_deprecated": false,
            "kernel_id": "",
            "last_launched_time": "",
            "most_recent": true,
            "name": "ubuntu/images/hvm-ssd/ubuntu-jammy-22.04-amd64-server-20251111",
            "name_regex": null,
            "owner_id": "099720109477",
            "owners": [
              "099720109477"
            ],
            "platform": "",
            "platform_details": "Linux/UNIX",
            "product_codes": [],
            "public": true,
            "ramdisk_id": "",
            "region": "ap-northeast-2",
            "root_device_name": "/dev/sda1",
            "root_device_type": "ebs",
            "root_snapshot_id": "snap-083b6ed1850592252",
            "sriov_net_support": "simple",
            "state": "available",
            "state_reason": {
              "code": "UNSET",
              "message": "UNSET"
            },
            "tags": {},
            "timeouts": null,
            "tpm_support": "",
            "uefi_data": null,
            "usage_operation": "RunInstances",
            "virtualization_type": "hvm"
          },
          "sensitive_attributes": [],
          "identity_schema_version": 0
        }
      ]
    },
    {
      "mode": "managed",
      "type": "aws_eip",
      "name": "main",
      "provider": "provider[\"registry.terraform.io/hashicorp/aws\"]",
      "instances": [
        {
          "schema_version": 0,
          "attributes": {
            "address": null,
            "allocation_id": "eipalloc-0bfaceae6e9040a87",
            "arn": "arn:aws:ec2:ap-northeast-2:070839874981:elastic-ip/eipalloc-0bfaceae6e9040a87",
            "associate_with_private_ip": null,
            "association_id": "eipassoc-0737df0bf2731f58b",
            "carrier_ip": "",
            "customer_owned_ip": "",
            "customer_owned_ipv4_pool": "",
            "domain": "vpc",
            "id": "eipalloc-0bfaceae6e9040a87",
            "instance": "i-0269fdad9349f5a4e",
            "ipam_pool_id": null,
            "network_border_group": "ap-northeast-2",
            "network_interface": "eni-07cb35eb0d5cdaeac",
            "private_dns": "ip-10-0-0-222.ap-northeast-2.compute.internal",
            "private_ip": "10.0.0.222",
            "ptr_record": "",
            "public_dns": "ec2-15-165-94-47.ap-northeast-2.compute.amazonaws.com",
            "public_ip": "15.165.94.47",
            "public_ipv4_pool": "amazon",
            "region": "ap-northeast-2",
            "tags": null,
            "tags_all": {},
            "timeouts": null
          },
          "sensitive_attributes": [],
          "identity_schema_version": 0,
          "private": "eyJlMmJmYjczMC1lY2FhLTExZTYtOGY4OC0zNDM2M2JjN2M0YzAiOnsiZGVsZXRlIjoxODAwMDAwMDAwMDAsInJlYWQiOjkwMDAwMDAwMDAwMCwidXBkYXRlIjozMDAwMDAwMDAwMDB9fQ==",
          "dependencies": [
            "aws_instance.main",
            "aws_key_pair.main",
            "aws_security_group.main",
            "aws_subnet.main",
            "aws_vpc.main",
            "data.aws_ami.main",
            "tls_private_key.main"
          ]
        }
      ]
    },
    {
      "mode": "managed",
      "type": "aws_eip_association",
      "name": "main",
      "provider": "provider[\"registry.terraform.io/hashicorp/aws\"]",
      "instances": [
        {
          "schema_version": 0,
          "attributes": {
            "allocation_id": "eipalloc-0bfaceae6e9040a87",
            "allow_reassociation": null,
            "id": "eipassoc-0737df0bf2731f58b",
            "instance_id": "i-0269fdad9349f5a4e",
            "network_interface_id": "eni-07cb35eb0d5cdaeac",
            "private_ip_address": "10.0.0.222",
            "public_ip": "15.165.94.47",
            "region": "ap-northeast-2"
          },
          "sensitive_attributes": [],
          "identity_schema_version": 0,
          "private": "bnVsbA==",
          "dependencies": [
            "aws_eip.main",
            "aws_instance.main",
            "aws_key_pair.main",
            "aws_security_group.main",
            "aws_subnet.main",
            "aws_vpc.main",
            "data.aws_ami.main",
            "tls_private_key.main"
          ]
        }
      ]
    },
    {
      "mode": "managed",
      "type": "aws_instance",
      "name": "main",
      "provider": "provider[\"registry.terraform.io/hashicorp/aws\"]",
      "instances": [
        {
          "schema_version": 2,
          "attributes": {
            "ami": "ami-0d7f51b914bb4b808",
            "arn": "arn:aws:ec2:ap-northeast-2:070839874981:instance/i-0269fdad9349f5a4e",
            "associate_public_ip_address": true,
            "availability_zone": "ap-northeast-2b",
            "capacity_reservation_specification": [
              {
                "capacity_reservation_preference": "open",
                "capacity_reservation_target": []
              }
            ],
            "cpu_options": [
              {
                "amd_sev_snp": "",
                "core_count": 1,
                "threads_per_core": 2
              }
            ],
            "credit_specification": [
              {
                "cpu_credits": "unlimited"
              }
            ],
            "disable_api_stop": false,
            "disable_api_termination": false,
            "ebs_block_device": [],
            "ebs_optimized": false,
            "enable_primary_ipv6": null,
            "enclave_options": [
              {
                "enabled": false
              }
            ],
            "ephemeral_block_device": [],
            "force_destroy": false,
            "get_password_data": false,
            "hibernation": false,
            "host_id": "",
            "host_resource_group_arn": null,
            "iam_instance_profile": "",
            "id": "i-0269fdad9349f5a4e",
            "instance_initiated_shutdown_behavior": "stop",
            "instance_lifecycle": "",
            "instance_market_options": [],
            "instance_state": "running",
            "instance_type": "t3.micro",
            "ipv6_address_count": 0,
            "ipv6_addresses": [],
            "key_name": "tom",
            "launch_template": [],
            "maintenance_options": [
              {
                "auto_recovery": "default"
              }
            ],
            "metadata_options": [
              {
                "http_endpoint": "enabled",
                "http_protocol_ipv6": "disabled",
                "http_put_response_hop_limit": 1,
                "http_tokens": "optional",
                "instance_metadata_tags": "disabled"
              }
            ],
            "monitoring": false,
            "network_interface": [],
            "outpost_arn": "",
            "password_data": "",
            "placement_group": "",
            "placement_group_id": "",
            "placement_partition_number": 0,
            "primary_network_interface": [
              {
                "delete_on_termination": true,
                "network_interface_id": "eni-07cb35eb0d5cdaeac"
              }
            ],
            "primary_network_interface_id": "eni-07cb35eb0d5cdaeac",
            "private_dns": "ip-10-0-0-222.ap-northeast-2.compute.internal",
            "private_dns_name_options": [
              {
                "enable_resource_name_dns_a_record": false,
                "enable_resource_name_dns_aaaa_record": false,
                "hostname_type": "ip-name"
              }
            ],
            "private_ip": "10.0.0.222",
            "public_dns": "ec2-15-165-201-162.ap-northeast-2.compute.amazonaws.com",
            "public_ip": "15.165.201.162",
            "region": "ap-northeast-2",
            "root_block_device": [
              {
                "delete_on_termination": true,
                "device_name": "/dev/sda1",
                "encrypted": false,
                "iops": 100,
                "kms_key_id": "",
                "tags": {},
                "tags_all": {},
                "throughput": 0,
                "volume_id": "vol-0a0d9ce7d0d30b6f4",
                "volume_size": 8,
                "volume_type": "gp2"
              }
            ],
            "secondary_private_ips": [],
            "security_groups": [],
            "source_dest_check": true,
            "spot_instance_request_id": "",
            "subnet_id": "subnet-0742d4600c1ffd979",
            "tags": {
              "Name": "tom-instance"
            },
            "tags_all": {
              "Name": "tom-instance"
            },
            "tenancy": "default",
            "timeouts": null,
            "user_data": null,
            "user_data_base64": null,
            "user_data_replace_on_change": false,
            "volume_tags": null,
            "vpc_security_group_ids": [
              "sg-0f13fd4e873dc99c7"
            ]
          },
          "sensitive_attributes": [],
          "identity_schema_version": 0,
          "identity": {
            "account_id": "070839874981",
            "id": "i-0269fdad9349f5a4e",
            "region": "ap-northeast-2"
          },
          "private": "eyJlMmJmYjczMC1lY2FhLTExZTYtOGY4OC0zNDM2M2JjN2M0YzAiOnsiY3JlYXRlIjo2MDAwMDAwMDAwMDAsImRlbGV0ZSI6MTIwMDAwMDAwMDAwMCwicmVhZCI6OTAwMDAwMDAwMDAwLCJ1cGRhdGUiOjYwMDAwMDAwMDAwMH0sInNjaGVtYV92ZXJzaW9uIjoiMiJ9",
          "dependencies": [
            "aws_key_pair.main",
            "aws_security_group.main",
            "aws_subnet.main",
            "aws_vpc.main",
            "data.aws_ami.main",
            "tls_private_key.main"
          ]
        }
      ]
    },
    {
      "mode": "managed",
      "type": "aws_internet_gateway",
      "name": "main",
      "provider": "provider[\"registry.terraform.io/hashicorp/aws\"]",
      "instances": [
        {
          "schema_version": 0,
          "attributes": {
            "arn": "arn:aws:ec2:ap-northeast-2:070839874981:internet-gateway/igw-0f9c4e98424770528",
            "id": "igw-0f9c4e98424770528",
            "owner_id": "070839874981",
            "region": "ap-northeast-2",
            "tags": {
              "Name": "tom-igw"
            },
            "tags_all": {
              "Name": "tom-igw"
            },
            "timeouts": null,
            "vpc_id": "vpc-0f5539b85174c973f"
          },
          "sensitive_attributes": [],
          "identity_schema_version": 0,
          "private": "eyJlMmJmYjczMC1lY2FhLTExZTYtOGY4OC0zNDM2M2JjN2M0YzAiOnsiY3JlYXRlIjoxMjAwMDAwMDAwMDAwLCJkZWxldGUiOjEyMDAwMDAwMDAwMDAsInVwZGF0ZSI6MTIwMDAwMDAwMDAwMH19",
          "dependencies": [
            "aws_vpc.main"
          ]
        }
      ]
    },
    {
      "mode": "managed",
      "type": "aws_key_pair",
      "name": "main",
      "provider": "provider[\"registry.terraform.io/hashicorp/aws\"]",
      "instances": [
        {
          "schema_version": 1,
          "attributes": {
            "arn": "arn:aws:ec2:ap-northeast-2:070839874981:key-pair/tom",
            "fingerprint": "b3:6b:02:e4:11:88:f6:93:46:64:3c:64:0c:ca:ef:f5",
            "id": "tom",
            "key_name": "tom",
            "key_name_prefix": "",
            "key_pair_id": "key-0dd42444cbd24d784",
            "key_type": "rsa",
            "public_key": "ssh-rsa AAAAB3NzaC1yc2EAAAADAQABAAACAQDMHS3LuvFwKKxhPpjqd92yoxA7OdzD4hx2J9EvqqbQNzQ19xa3BiUJSDOxJ20E778KDbFVAS7D5VQcBxDXCHoCmwh/Eb69FXypEXBlzr3FHK8XAgy2wLHHKx/NRH3IjkVFg2Zr5sKLTu+zWSShFBrruOhlmC7coUEjTwwTHRdSK9HPhDlhLgTjd0+XcM6he+x4fRTbPFRIFckENJHuwN6SR8/zmLJgyaS5UoVqiCXI2NqIKvV3MwYnWlzCzVnwXgAYxDueuHpZwP6A2eDLsJUj0zbNQWkrJfgsujgZvN0DuQEjDjMenq9cIC74zJ7QPvB3kbifbuJxOADQ458j1D1GZ0efd+K969IxV6p/N1ynhRjWkIhxA5J8qtNt3nFtTheMB7hEvYTFfEUMBDvby08b83kwdZOl3uavcDbuQkQC4awjkU1XHGTiJQCSEGs/BZWHv/fu4EIyg7yh4H62+3ZfRoKhUyxI71kOayblLvo9hcC/y5kNooBG6GPwgYTFm0Kw1QJxkwRKrrpATaLC66HL9Tv9m6JzA6Z2+N316Gvuxk5FrJx3Jhgy2WWCD/GkbxGOjFLh2+EULkxjE92mc72YviPvLWJDeiLl+7dfq1D4GHPhTi9FzOBE491x9Umu9Wavt7ueVFfvW38yPY86fQaaF2piEVlhqvsrwPrSOLdaDw==",
            "region": "ap-northeast-2",
            "tags": null,
            "tags_all": {}
          },
          "sensitive_attributes": [],
          "identity_schema_version": 0,
          "private": "eyJzY2hlbWFfdmVyc2lvbiI6IjEifQ==",
          "dependencies": [
            "tls_private_key.main"
          ]
        }
      ]
    },
    {
      "mode": "managed",
      "type": "aws_route_table",
      "name": "main",
      "provider": "provider[\"registry.terraform.io/hashicorp/aws\"]",
      "instances": [
        {
          "schema_version": 0,
          "attributes": {
            "arn": "arn:aws:ec2:ap-northeast-2:070839874981:route-table/rtb-04e37bd9dce94e4d3",
            "id": "rtb-04e37bd9dce94e4d3",
            "owner_id": "070839874981",
            "propagating_vgws": [],
            "region": "ap-northeast-2",
            "route": [
              {
                "carrier_gateway_id": "",
                "cidr_block": "0.0.0.0/0",
                "core_network_arn": "",
                "destination_prefix_list_id": "",
                "egress_only_gateway_id": "",
                "gateway_id": "igw-0f9c4e98424770528",
                "ipv6_cidr_block": "",
                "local_gateway_id": "",
                "nat_gateway_id": "",
                "network_interface_id": "",
                "transit_gateway_id": "",
                "vpc_endpoint_id": "",
                "vpc_peering_connection_id": ""
              }
            ],
            "tags": {
              "Name": "tom-rtb"
            },
            "tags_all": {
              "Name": "tom-rtb"
            },
            "timeouts": null,
            "vpc_id": "vpc-0f5539b85174c973f"
          },
          "sensitive_attributes": [],
          "identity_schema_version": 0,
          "identity": {
            "account_id": "070839874981",
            "id": "rtb-04e37bd9dce94e4d3",
            "region": "ap-northeast-2"
          },
          "private": "eyJlMmJmYjczMC1lY2FhLTExZTYtOGY4OC0zNDM2M2JjN2M0YzAiOnsiY3JlYXRlIjozMDAwMDAwMDAwMDAsImRlbGV0ZSI6MzAwMDAwMDAwMDAwLCJ1cGRhdGUiOjEyMDAwMDAwMDAwMH19",
          "dependencies": [
            "aws_internet_gateway.main",
            "aws_vpc.main"
          ]
        }
      ]
    },
    {
      "mode": "managed",
      "type": "aws_route_table_association",
      "name": "main",
      "provider": "provider[\"registry.terraform.io/hashicorp/aws\"]",
      "instances": [
        {
          "schema_version": 0,
          "attributes": {
            "gateway_id": "",
            "id": "rtbassoc-0d747adc2d1412fe1",
            "region": "ap-northeast-2",
            "route_table_id": "rtb-04e37bd9dce94e4d3",
            "subnet_id": "subnet-0742d4600c1ffd979",
            "timeouts": null
          },
          "sensitive_attributes": [],
          "identity_schema_version": 0,
          "private": "eyJlMmJmYjczMC1lY2FhLTExZTYtOGY4OC0zNDM2M2JjN2M0YzAiOnsiY3JlYXRlIjozMDAwMDAwMDAwMDAsImRlbGV0ZSI6MzAwMDAwMDAwMDAwLCJ1cGRhdGUiOjEyMDAwMDAwMDAwMH19",
          "dependencies": [
            "aws_internet_gateway.main",
            "aws_route_table.main",
            "aws_subnet.main",
            "aws_vpc.main"
          ]
        }
      ]
    },
    {
      "mode": "managed",
      "type": "aws_security_group",
      "name": "main",
      "provider": "provider[\"registry.terraform.io/hashicorp/aws\"]",
      "instances": [
        {
          "schema_version": 1,
          "attributes": {
            "arn": "arn:aws:ec2:ap-northeast-2:070839874981:security-group/sg-0f13fd4e873dc99c7",
            "description": "Managed by Terraform",
            "egress": [
              {
                "cidr_blocks": [
                  "0.0.0.0/0"
                ],
                "description": "",
                "from_port": 0,
                "ipv6_cidr_blocks": [],
                "prefix_list_ids": [],
                "protocol": "-1",
                "security_groups": [],
                "self": false,
                "to_port": 0
              }
            ],
            "id": "sg-0f13fd4e873dc99c7",
            "ingress": [
              {
                "cidr_blocks": [
                  "0.0.0.0/0"
                ],
                "description": "",
                "from_port": 0,
                "ipv6_cidr_blocks": [],
                "prefix_list_ids": [],
                "protocol": "-1",
                "security_groups": [],
                "self": false,
                "to_port": 0
              }
            ],
            "name": "tom-security-group",
            "name_prefix": "",
            "owner_id": "070839874981",
            "region": "ap-northeast-2",
            "revoke_rules_on_delete": false,
            "tags": {
              "Name": "tom-security-group"
            },
            "tags_all": {
              "Name": "tom-security-group"
            },
            "timeouts": null,
            "vpc_id": "vpc-0f5539b85174c973f"
          },
          "sensitive_attributes": [],
          "identity_schema_version": 0,
          "identity": {
            "account_id": "070839874981",
            "id": "sg-0f13fd4e873dc99c7",
            "region": "ap-northeast-2"
          },
          "private": "eyJlMmJmYjczMC1lY2FhLTExZTYtOGY4OC0zNDM2M2JjN2M0YzAiOnsiY3JlYXRlIjo2MDAwMDAwMDAwMDAsImRlbGV0ZSI6OTAwMDAwMDAwMDAwfSwic2NoZW1hX3ZlcnNpb24iOiIxIn0=",
          "dependencies": [
            "aws_vpc.main"
          ]
        }
      ]
    },
    {
      "mode": "managed",
      "type": "aws_subnet",
      "name": "main",
      "provider": "provider[\"registry.terraform.io/hashicorp/aws\"]",
      "instances": [
        {
          "schema_version": 1,
          "attributes": {
            "arn": "arn:aws:ec2:ap-northeast-2:070839874981:subnet/subnet-0742d4600c1ffd979",
            "assign_ipv6_address_on_creation": false,
            "availability_zone": "ap-northeast-2b",
            "availability_zone_id": "apne2-az2",
            "cidr_block": "10.0.0.0/24",
            "customer_owned_ipv4_pool": "",
            "enable_dns64": false,
            "enable_lni_at_device_index": 0,
            "enable_resource_name_dns_a_record_on_launch": false,
            "enable_resource_name_dns_aaaa_record_on_launch": false,
            "id": "subnet-0742d4600c1ffd979",
            "ipv6_cidr_block": "",
            "ipv6_cidr_block_association_id": "",
            "ipv6_native": false,
            "map_customer_owned_ip_on_launch": false,
            "map_public_ip_on_launch": false,
            "outpost_arn": "",
            "owner_id": "070839874981",
            "private_dns_hostname_type_on_launch": "ip-name",
            "region": "ap-northeast-2",
            "tags": {
              "Name": "tom-subnet"
            },
            "tags_all": {
              "Name": "tom-subnet"
            },
            "timeouts": null,
            "vpc_id": "vpc-0f5539b85174c973f"
          },
          "sensitive_attributes": [],
          "identity_schema_version": 0,
          "identity": {
            "account_id": "070839874981",
            "id": "subnet-0742d4600c1ffd979",
            "region": "ap-northeast-2"
          },
          "private": "eyJlMmJmYjczMC1lY2FhLTExZTYtOGY4OC0zNDM2M2JjN2M0YzAiOnsiY3JlYXRlIjo2MDAwMDAwMDAwMDAsImRlbGV0ZSI6MTIwMDAwMDAwMDAwMH0sInNjaGVtYV92ZXJzaW9uIjoiMSJ9",
          "dependencies": [
            "aws_vpc.main"
          ]
        }
      ]
    },
    {
      "mode": "managed",
      "type": "aws_vpc",
      "name": "main",
      "provider": "provider[\"registry.terraform.io/hashicorp/aws\"]",
      "instances": [
        {
          "schema_version": 1,
          "attributes": {
            "arn": "arn:aws:ec2:ap-northeast-2:070839874981:vpc/vpc-0f5539b85174c973f",
            "assign_generated_ipv6_cidr_block": false,
            "cidr_block": "10.0.0.0/16",
            "default_network_acl_id": "acl-097116531769e7304",
            "default_route_table_id": "rtb-01a3cad55c6046ef5",
            "default_security_group_id": "sg-05b7642f20a7bfac7",
            "dhcp_options_id": "dopt-dc2fb5b7",
            "enable_dns_hostnames": true,
            "enable_dns_support": true,
            "enable_network_address_usage_metrics": false,
            "id": "vpc-0f5539b85174c973f",
            "instance_tenancy": "default",
            "ipv4_ipam_pool_id": null,
            "ipv4_netmask_length": null,
            "ipv6_association_id": "",
            "ipv6_cidr_block": "",
            "ipv6_cidr_block_network_border_group": "",
            "ipv6_ipam_pool_id": "",
            "ipv6_netmask_length": 0,
            "main_route_table_id": "rtb-01a3cad55c6046ef5",
            "owner_id": "070839874981",
            "region": "ap-northeast-2",
            "tags": {
              "Name": "tom-vpc"
            },
            "tags_all": {
              "Name": "tom-vpc"
            }
          },
          "sensitive_attributes": [],
          "identity_schema_version": 0,
          "identity": {
            "account_id": "070839874981",
            "id": "vpc-0f5539b85174c973f",
            "region": "ap-northeast-2"
          },
          "private": "eyJzY2hlbWFfdmVyc2lvbiI6IjEifQ=="
        }
      ]
    },
    {
      "mode": "managed",
      "type": "tls_private_key",
      "name": "main",
      "provider": "provider[\"registry.terraform.io/hashicorp/tls\"]",
      "instances": [
        {
          "schema_version": 1,
          "attributes": {
            "algorithm": "RSA",
            "ecdsa_curve": "P224",
            "id": "6422216d08fb25d3c470ad05b413e95b82a7b3e7",
            "private_key_openssh": "-----BEGIN OPENSSH PRIVATE KEY-----\nb3BlbnNzaC1rZXktdjEAAAAABG5vbmUAAAAEbm9uZQAAAAAAAAABAAACFwAAAAdz\nc2gtcnNhAAAAAwEAAQAAAgEAzB0ty7rxcCisYT6Y6nfdsqMQOzncw+IcdifRL6qm\n0Dc0NfcWtwYlCUgzsSdtBO+/Cg2xVQEuw+VUHAcQ1wh6ApsIfxG+vRV8qRFwZc69\nxRyvFwIMtsCxxysfzUR9yI5FRYNma+bCi07vs1kkoRQa67joZZgu3KFBI08MEx0X\nUivRz4Q5YS4E43dPl3DOoXvseH0U2zxUSBXJBDSR7sDekkfP85iyYMmkuVKFaogl\nyNjaiCr1dzMGJ1pcws1Z8F4AGMQ7nrh6WcD+gNngy7CVI9M2zUFpKyX4LLo4Gbzd\nA7kBIw4zHp6vXCAu+Mye0D7wd5G4n27icTgA0OOfI9Q9RmdHn3fivevSMVeqfzdc\np4UY1pCIcQOSfKrTbd5xbU4XjAe4RL2ExXxFDAQ728tPG/N5MHWTpd7mr3A27kJE\nAuGsI5FNVxxk4iUAkhBrPwWVh7/37uBCMoO8oeB+tvt2X0aCoVMsSO9ZDmsm5S76\nPYXAv8uZDaKARuhj8IGExZtCsNUCcZMESq66QE2iwuuhy/U7/ZuicwOmdvjd9ehr\n7sZORaycdyYYMtllgg/xpG8RjoxS4dvhFC5MYxPdpnO9mL4j7y1iQ3oi5fu3X6tQ\n+Bhz4U4vRczgROPdcfVJrvVmr7e7nlRX71t/Mj2POn0GmhdqYhFZYar7K8D60ji3\nWg8AAAc45Y0EfOWNBHwAAAAHc3NoLXJzYQAAAgEAzB0ty7rxcCisYT6Y6nfdsqMQ\nOzncw+IcdifRL6qm0Dc0NfcWtwYlCUgzsSdtBO+/Cg2xVQEuw+VUHAcQ1wh6ApsI\nfxG+vRV8qRFwZc69xRyvFwIMtsCxxysfzUR9yI5FRYNma+bCi07vs1kkoRQa67jo\nZZgu3KFBI08MEx0XUivRz4Q5YS4E43dPl3DOoXvseH0U2zxUSBXJBDSR7sDekkfP\n85iyYMmkuVKFaoglyNjaiCr1dzMGJ1pcws1Z8F4AGMQ7nrh6WcD+gNngy7CVI9M2\nzUFpKyX4LLo4GbzdA7kBIw4zHp6vXCAu+Mye0D7wd5G4n27icTgA0OOfI9Q9RmdH\nn3fivevSMVeqfzdcp4UY1pCIcQOSfKrTbd5xbU4XjAe4RL2ExXxFDAQ728tPG/N5\nMHWTpd7mr3A27kJEAuGsI5FNVxxk4iUAkhBrPwWVh7/37uBCMoO8oeB+tvt2X0aC\noVMsSO9ZDmsm5S76PYXAv8uZDaKARuhj8IGExZtCsNUCcZMESq66QE2iwuuhy/U7\n/ZuicwOmdvjd9ehr7sZORaycdyYYMtllgg/xpG8RjoxS4dvhFC5MYxPdpnO9mL4j\n7y1iQ3oi5fu3X6tQ+Bhz4U4vRczgROPdcfVJrvVmr7e7nlRX71t/Mj2POn0Gmhdq\nYhFZYar7K8D60ji3Wg8AAAADAQABAAACABW93+8XunhaJMPLpqncWxWYT/Yhu4se\no9h5dPX7r/7Kz+QVreo7Ryj+Hgoh6yIU+tzyc3AHYGNbzgHu8L4ZouFx1nhZPAop\nEUPIXe1s6wLlg3L9yWaSulJpnLQWi8LCq3dJlViAq+VUjazQHdo4lDDasTUtKNoL\nJS9CesSdxdT/Yj8VVFqudl/XtCHV/B9Fs30WxGjL5tBc3bIgerubTg9NLfCX1HGs\ng5V9SEUo5m7Gm+nYOu2tANv360c8F3dGlAJkrf3B+b+4vS3yx1f7DGUqA5Leg6TQ\ndmcmmNYzq2PQ9OGL4CnD+RA6RLaaGSqRIbfNd68n4QqdTrJGz2CXeW/nKkOJvB9r\nRvWa1B79WBZBHyQPCfR4Vif8z0uD7VB98zG7iJHhLHG8pKvLB+ayr6qzeM+GKylS\ng8kPDF1ehiNogJ74lSvC0+e5GeEXRfjL6cZEoO94LZs/2VN562v/v/CQ4nLZ7KDe\n/FEAuAGrGwsyxAIEYM1EaInkBuQyYN/khyOFN7rg3DGh7MJY8yFovzreVs8H53ov\nv9DTLyK8d9ff2SNR0xR0JdKm9wKr7x1u+3IanWP4YuPJaGakh53dcHiZ63w2uH64\nX7KLhZ+eDbIlGm/IUfP3SV/WcKO3PiUs9ePsN9KHqa+/i3GRu1cY9LPo9fUMhN4h\nn+fB1CpkOvmZAAABAQDBjAPHUAl+eLgVar6L156F6ZsvRIwkBniCP6CgmLdDUicz\nbauE2XmCM3SfvpOJhQwiOD/hrdKdUVknaWerJPqcjMeSBbw3jVaQq+J6fqo0vDs+\n6rmFBsM/RE6zFY9rF15LjOIge0Zmm3Fb6p6X0tf4IURME5XZDc+rdmyHAsAo8xA+\nrSW0vtJF6j3YdUdeH7SvHLczCINpslZGNbvQNO3EJN07zj/1GzV7XUpS1YQFtxJ7\nX6ovRBvG5x+ojoZXlYz84LQEdR07d7d/UjreERnoQTOWlSohk2CM8aXcnaLpMdIl\nnykSE9xKm6EdhB8YBXO/uKQ20XKaBRVL1pFEasMxAAABAQDdw5LiETLleaJxzBO1\nuB4utsZH3AaI1ocDSNxxKnQw8+7VcbBAF/bnh30gnrROYsOANKLHPWICP2Kv5A6Q\nLS3H7+OdMhgqmqUuU/C+ol59Uy6C4juT9UhWSRtJoIAVE68SnmGMxKxpK4NLcEgO\nJBjWFdsQL5p6yt+pO0jjeudQ9d+ST/MvbDWGyvoOFyTkvEld4fdrJzY28DRpv79D\nVEAvTlSvWlAkLGa5ca8EEknzn4cQKg8NfdqrT9d+bJWykL2tEfqFURPcGndFZgTA\nRXnD9RvXjStP0rWkw6YlvjrNM5DbzK4EgyrhF1ZbhOaDWY9sXQ04NWmD/8dwcMSE\n9KV5AAABAQDroA2J6zILU1Y3lwCJM079sjDqTEroERG0G/8loG/gy320jCTCoAjh\nQnchbesr/MER51PhflXkU4IQ5QIMjV7aZupZDw1W+ta0M++jiT+2Td5+0uSWQjch\nASimyY8YdQAa2B1D7uUt2M63A8/olhpmj5AGORYo63cIEs738vzEotwp18eCZuGr\npUK55tsbvtdvYpRgatRi+Yghs/KPUAi3UcZHuvnTWARmQKQKjdMXop3Dk/zYr29C\n/L0tyQn33wSsxP0jdEBD2QGsMkCX711xWlqyN2C/wj/XJi99NZbxR/woT9Ke05jl\nvLUPNH0S1YOTSZhbFxke25uZ3hEV/0HHAAAAAAEC\n-----END OPENSSH PRIVATE KEY-----\n",
            "private_key_pem": "-----BEGIN RSA PRIVATE KEY-----\nMIIJKQIBAAKCAgEAzB0ty7rxcCisYT6Y6nfdsqMQOzncw+IcdifRL6qm0Dc0NfcW\ntwYlCUgzsSdtBO+/Cg2xVQEuw+VUHAcQ1wh6ApsIfxG+vRV8qRFwZc69xRyvFwIM\ntsCxxysfzUR9yI5FRYNma+bCi07vs1kkoRQa67joZZgu3KFBI08MEx0XUivRz4Q5\nYS4E43dPl3DOoXvseH0U2zxUSBXJBDSR7sDekkfP85iyYMmkuVKFaoglyNjaiCr1\ndzMGJ1pcws1Z8F4AGMQ7nrh6WcD+gNngy7CVI9M2zUFpKyX4LLo4GbzdA7kBIw4z\nHp6vXCAu+Mye0D7wd5G4n27icTgA0OOfI9Q9RmdHn3fivevSMVeqfzdcp4UY1pCI\ncQOSfKrTbd5xbU4XjAe4RL2ExXxFDAQ728tPG/N5MHWTpd7mr3A27kJEAuGsI5FN\nVxxk4iUAkhBrPwWVh7/37uBCMoO8oeB+tvt2X0aCoVMsSO9ZDmsm5S76PYXAv8uZ\nDaKARuhj8IGExZtCsNUCcZMESq66QE2iwuuhy/U7/ZuicwOmdvjd9ehr7sZORayc\ndyYYMtllgg/xpG8RjoxS4dvhFC5MYxPdpnO9mL4j7y1iQ3oi5fu3X6tQ+Bhz4U4v\nRczgROPdcfVJrvVmr7e7nlRX71t/Mj2POn0GmhdqYhFZYar7K8D60ji3Wg8CAwEA\nAQKCAgAVvd/vF7p4WiTDy6ap3FsVmE/2IbuLHqPYeXT1+6/+ys/kFa3qO0co/h4K\nIesiFPrc8nNwB2BjW84B7vC+GaLhcdZ4WTwKKRFDyF3tbOsC5YNy/clmkrpSaZy0\nFovCwqt3SZVYgKvlVI2s0B3aOJQw2rE1LSjaCyUvQnrEncXU/2I/FVRarnZf17Qh\n1fwfRbN9FsRoy+bQXN2yIHq7m04PTS3wl9RxrIOVfUhFKOZuxpvp2DrtrQDb9+tH\nPBd3RpQCZK39wfm/uL0t8sdX+wxlKgOS3oOk0HZnJpjWM6tj0PThi+Apw/kQOkS2\nmhkqkSG3zXevJ+EKnU6yRs9gl3lv5ypDibwfa0b1mtQe/VgWQR8kDwn0eFYn/M9L\ng+1QffMxu4iR4SxxvKSrywfmsq+qs3jPhispUoPJDwxdXoYjaICe+JUrwtPnuRnh\nF0X4y+nGRKDveC2bP9lTeetr/7/wkOJy2eyg3vxRALgBqxsLMsQCBGDNRGiJ5Abk\nMmDf5IcjhTe64NwxoezCWPMhaL863lbPB+d6L7/Q0y8ivHfX39kjUdMUdCXSpvcC\nq+8dbvtyGp1j+GLjyWhmpIed3XB4met8Nrh+uF+yi4Wfng2yJRpvyFHz90lf1nCj\ntz4lLPXj7DfSh6mvv4txkbtXGPSz6PX1DITeIZ/nwdQqZDr5mQKCAQEA3cOS4hEy\n5XmiccwTtbgeLrbGR9wGiNaHA0jccSp0MPPu1XGwQBf254d9IJ60TmLDgDSixz1i\nAj9ir+QOkC0tx+/jnTIYKpqlLlPwvqJefVMuguI7k/VIVkkbSaCAFROvEp5hjMSs\naSuDS3BIDiQY1hXbEC+aesrfqTtI43rnUPXfkk/zL2w1hsr6Dhck5LxJXeH3ayc2\nNvA0ab+/Q1RAL05Ur1pQJCxmuXGvBBJJ85+HECoPDX3aq0/XfmyVspC9rRH6hVET\n3Bp3RWYEwEV5w/Ub140rT9K1pMOmJb46zTOQ28yuBIMq4RdWW4Tmg1mPbF0NODVp\ng//HcHDEhPSleQKCAQEA66ANiesyC1NWN5cAiTNO/bIw6kxK6BERtBv/JaBv4Mt9\ntIwkwqAI4UJ3IW3rK/zBEedT4X5V5FOCEOUCDI1e2mbqWQ8NVvrWtDPvo4k/tk3e\nftLklkI3IQEopsmPGHUAGtgdQ+7lLdjOtwPP6JYaZo+QBjkWKOt3CBLO9/L8xKLc\nKdfHgmbhq6VCuebbG77Xb2KUYGrUYvmIIbPyj1AIt1HGR7r501gEZkCkCo3TF6Kd\nw5P82K9vQvy9LckJ998ErMT9I3RAQ9kBrDJAl+9dcVpasjdgv8I/1yYvfTWW8Uf8\nKE/SntOY5by1DzR9EtWDk0mYWxcZHtubmd4RFf9BxwKCAQEAyHkdVmpv1UyhEjiH\ndNYNyvMFyj5YVemBQfHi/hZ/1SUfOis9RqOjW2h7MDroCphz3Xk30d9ms1tzrkf+\n9k0xPrZY0GlRuWn1eyz8zIjh3G+O81jqvPWWwBH0rhl+0A7sTGuLCgNdTPG+Djth\nmA7/uMEnOLmf7/NoP4dNe/9GD0VGJ/FIiQ1MUh857/TyMCkaNdmpnl9jPkTlTNe/\nYnFOWLV6Ds8Y9aqB7pCbw5V47ti+81jiJLMqM4XI7AvjQ/pezY8cJtrFlksCmWUB\nVIM58XCqC7Edf1qfRGRt1V7jr083W8vrYD7nS3aaZb991y3mXvK7mZ2HVoGqXLZE\noWC8GQKCAQBel6SXx8oRbeVg78gRTH3br1uf0/0GaUPYMJ0ft+byMf9HKjPfxmuK\nMyqsSvpscE36KAouro9A2J2Qtr851s9LkqFmG3rZfl4PfgIofwMK5vv5oiSOhgqn\nv1VYj/ZYdTATlss46IEtBKsIIgmncAstPVkuhmB1EQJ6RUK9m9kJ/++vBKddnHvg\ncrn0887mtpi6aLL0ei7FhTO3hAxOqGy3W6bkSRXeWKl7e1vfuMwT4v6+83xAaT2b\ngOdZqCnOTsQLsBGH2DWsh0P6ozn3ROsYhJOAlGbM1OjYMMZD1+2+840xicoeZQgu\nwrFVZ1cG5pyp1pPJjd5R2wv+m330fMMlAoIBAQDBjAPHUAl+eLgVar6L156F6Zsv\nRIwkBniCP6CgmLdDUiczbauE2XmCM3SfvpOJhQwiOD/hrdKdUVknaWerJPqcjMeS\nBbw3jVaQq+J6fqo0vDs+6rmFBsM/RE6zFY9rF15LjOIge0Zmm3Fb6p6X0tf4IURM\nE5XZDc+rdmyHAsAo8xA+rSW0vtJF6j3YdUdeH7SvHLczCINpslZGNbvQNO3EJN07\nzj/1GzV7XUpS1YQFtxJ7X6ovRBvG5x+ojoZXlYz84LQEdR07d7d/UjreERnoQTOW\nlSohk2CM8aXcnaLpMdIlnykSE9xKm6EdhB8YBXO/uKQ20XKaBRVL1pFEasMx\n-----END RSA PRIVATE KEY-----\n",
            "private_key_pem_pkcs8": "-----BEGIN PRIVATE KEY-----\nMIIJQwIBADANBgkqhkiG9w0BAQEFAASCCS0wggkpAgEAAoICAQDMHS3LuvFwKKxh\nPpjqd92yoxA7OdzD4hx2J9EvqqbQNzQ19xa3BiUJSDOxJ20E778KDbFVAS7D5VQc\nBxDXCHoCmwh/Eb69FXypEXBlzr3FHK8XAgy2wLHHKx/NRH3IjkVFg2Zr5sKLTu+z\nWSShFBrruOhlmC7coUEjTwwTHRdSK9HPhDlhLgTjd0+XcM6he+x4fRTbPFRIFckE\nNJHuwN6SR8/zmLJgyaS5UoVqiCXI2NqIKvV3MwYnWlzCzVnwXgAYxDueuHpZwP6A\n2eDLsJUj0zbNQWkrJfgsujgZvN0DuQEjDjMenq9cIC74zJ7QPvB3kbifbuJxOADQ\n458j1D1GZ0efd+K969IxV6p/N1ynhRjWkIhxA5J8qtNt3nFtTheMB7hEvYTFfEUM\nBDvby08b83kwdZOl3uavcDbuQkQC4awjkU1XHGTiJQCSEGs/BZWHv/fu4EIyg7yh\n4H62+3ZfRoKhUyxI71kOayblLvo9hcC/y5kNooBG6GPwgYTFm0Kw1QJxkwRKrrpA\nTaLC66HL9Tv9m6JzA6Z2+N316Gvuxk5FrJx3Jhgy2WWCD/GkbxGOjFLh2+EULkxj\nE92mc72YviPvLWJDeiLl+7dfq1D4GHPhTi9FzOBE491x9Umu9Wavt7ueVFfvW38y\nPY86fQaaF2piEVlhqvsrwPrSOLdaDwIDAQABAoICABW93+8XunhaJMPLpqncWxWY\nT/Yhu4seo9h5dPX7r/7Kz+QVreo7Ryj+Hgoh6yIU+tzyc3AHYGNbzgHu8L4ZouFx\n1nhZPAopEUPIXe1s6wLlg3L9yWaSulJpnLQWi8LCq3dJlViAq+VUjazQHdo4lDDa\nsTUtKNoLJS9CesSdxdT/Yj8VVFqudl/XtCHV/B9Fs30WxGjL5tBc3bIgerubTg9N\nLfCX1HGsg5V9SEUo5m7Gm+nYOu2tANv360c8F3dGlAJkrf3B+b+4vS3yx1f7DGUq\nA5Leg6TQdmcmmNYzq2PQ9OGL4CnD+RA6RLaaGSqRIbfNd68n4QqdTrJGz2CXeW/n\nKkOJvB9rRvWa1B79WBZBHyQPCfR4Vif8z0uD7VB98zG7iJHhLHG8pKvLB+ayr6qz\neM+GKylSg8kPDF1ehiNogJ74lSvC0+e5GeEXRfjL6cZEoO94LZs/2VN562v/v/CQ\n4nLZ7KDe/FEAuAGrGwsyxAIEYM1EaInkBuQyYN/khyOFN7rg3DGh7MJY8yFovzre\nVs8H53ovv9DTLyK8d9ff2SNR0xR0JdKm9wKr7x1u+3IanWP4YuPJaGakh53dcHiZ\n63w2uH64X7KLhZ+eDbIlGm/IUfP3SV/WcKO3PiUs9ePsN9KHqa+/i3GRu1cY9LPo\n9fUMhN4hn+fB1CpkOvmZAoIBAQDdw5LiETLleaJxzBO1uB4utsZH3AaI1ocDSNxx\nKnQw8+7VcbBAF/bnh30gnrROYsOANKLHPWICP2Kv5A6QLS3H7+OdMhgqmqUuU/C+\nol59Uy6C4juT9UhWSRtJoIAVE68SnmGMxKxpK4NLcEgOJBjWFdsQL5p6yt+pO0jj\neudQ9d+ST/MvbDWGyvoOFyTkvEld4fdrJzY28DRpv79DVEAvTlSvWlAkLGa5ca8E\nEknzn4cQKg8NfdqrT9d+bJWykL2tEfqFURPcGndFZgTARXnD9RvXjStP0rWkw6Yl\nvjrNM5DbzK4EgyrhF1ZbhOaDWY9sXQ04NWmD/8dwcMSE9KV5AoIBAQDroA2J6zIL\nU1Y3lwCJM079sjDqTEroERG0G/8loG/gy320jCTCoAjhQnchbesr/MER51PhflXk\nU4IQ5QIMjV7aZupZDw1W+ta0M++jiT+2Td5+0uSWQjchASimyY8YdQAa2B1D7uUt\n2M63A8/olhpmj5AGORYo63cIEs738vzEotwp18eCZuGrpUK55tsbvtdvYpRgatRi\n+Yghs/KPUAi3UcZHuvnTWARmQKQKjdMXop3Dk/zYr29C/L0tyQn33wSsxP0jdEBD\n2QGsMkCX711xWlqyN2C/wj/XJi99NZbxR/woT9Ke05jlvLUPNH0S1YOTSZhbFxke\n25uZ3hEV/0HHAoIBAQDIeR1Wam/VTKESOId01g3K8wXKPlhV6YFB8eL+Fn/VJR86\nKz1Go6NbaHswOugKmHPdeTfR32azW3OuR/72TTE+tljQaVG5afV7LPzMiOHcb47z\nWOq89ZbAEfSuGX7QDuxMa4sKA11M8b4OO2GYDv+4wSc4uZ/v82g/h017/0YPRUYn\n8UiJDUxSHznv9PIwKRo12ameX2M+ROVM179icU5YtXoOzxj1qoHukJvDlXju2L7z\nWOIksyozhcjsC+ND+l7Njxwm2sWWSwKZZQFUgznxcKoLsR1/Wp9EZG3VXuOvTzdb\ny+tgPudLdpplv33XLeZe8ruZnYdWgapctkShYLwZAoIBAF6XpJfHyhFt5WDvyBFM\nfduvW5/T/QZpQ9gwnR+35vIx/0cqM9/Ga4ozKqxK+mxwTfooCi6uj0DYnZC2vznW\nz0uSoWYbetl+Xg9+Aih/Awrm+/miJI6GCqe/VViP9lh1MBOWyzjogS0EqwgiCadw\nCy09WS6GYHURAnpFQr2b2Qn/768Ep12ce+ByufTzzua2mLposvR6LsWFM7eEDE6o\nbLdbpuRJFd5YqXt7W9+4zBPi/r7zfEBpPZuA51moKc5OxAuwEYfYNayHQ/qjOfdE\n6xiEk4CUZszU6NgwxkPX7b7zjTGJyh5lCC7CsVVnVwbmnKnWk8mN3lHbC/6bffR8\nwyUCggEBAMGMA8dQCX54uBVqvovXnoXpmy9EjCQGeII/oKCYt0NSJzNtq4TZeYIz\ndJ++k4mFDCI4P+Gt0p1RWSdpZ6sk+pyMx5IFvDeNVpCr4np+qjS8Oz7quYUGwz9E\nTrMVj2sXXkuM4iB7RmabcVvqnpfS1/ghREwTldkNz6t2bIcCwCjzED6tJbS+0kXq\nPdh1R14ftK8ctzMIg2myVkY1u9A07cQk3TvOP/UbNXtdSlLVhAW3Entfqi9EG8bn\nH6iOhleVjPzgtAR1HTt3t39SOt4RGehBM5aVKiGTYIzxpdydoukx0iWfKRIT3Eqb\noR2EHxgFc7+4pDbRcpoFFUvWkURqwzE=\n-----END PRIVATE KEY-----\n",
            "public_key_fingerprint_md5": "bf:70:dc:ae:59:be:54:a7:8f:d3:9b:af:ea:8a:5f:a3",
            "public_key_fingerprint_sha256": "SHA256:oGff2sfs+Vm7PkRKZKShIC5iHnj+HcA2m2xJ56ute54",
            "public_key_openssh": "ssh-rsa AAAAB3NzaC1yc2EAAAADAQABAAACAQDMHS3LuvFwKKxhPpjqd92yoxA7OdzD4hx2J9EvqqbQNzQ19xa3BiUJSDOxJ20E778KDbFVAS7D5VQcBxDXCHoCmwh/Eb69FXypEXBlzr3FHK8XAgy2wLHHKx/NRH3IjkVFg2Zr5sKLTu+zWSShFBrruOhlmC7coUEjTwwTHRdSK9HPhDlhLgTjd0+XcM6he+x4fRTbPFRIFckENJHuwN6SR8/zmLJgyaS5UoVqiCXI2NqIKvV3MwYnWlzCzVnwXgAYxDueuHpZwP6A2eDLsJUj0zbNQWkrJfgsujgZvN0DuQEjDjMenq9cIC74zJ7QPvB3kbifbuJxOADQ458j1D1GZ0efd+K969IxV6p/N1ynhRjWkIhxA5J8qtNt3nFtTheMB7hEvYTFfEUMBDvby08b83kwdZOl3uavcDbuQkQC4awjkU1XHGTiJQCSEGs/BZWHv/fu4EIyg7yh4H62+3ZfRoKhUyxI71kOayblLvo9hcC/y5kNooBG6GPwgYTFm0Kw1QJxkwRKrrpATaLC66HL9Tv9m6JzA6Z2+N316Gvuxk5FrJx3Jhgy2WWCD/GkbxGOjFLh2+EULkxjE92mc72YviPvLWJDeiLl+7dfq1D4GHPhTi9FzOBE491x9Umu9Wavt7ueVFfvW38yPY86fQaaF2piEVlhqvsrwPrSOLdaDw==\n",
            "public_key_pem": "-----BEGIN PUBLIC KEY-----\nMIICIjANBgkqhkiG9w0BAQEFAAOCAg8AMIICCgKCAgEAzB0ty7rxcCisYT6Y6nfd\nsqMQOzncw+IcdifRL6qm0Dc0NfcWtwYlCUgzsSdtBO+/Cg2xVQEuw+VUHAcQ1wh6\nApsIfxG+vRV8qRFwZc69xRyvFwIMtsCxxysfzUR9yI5FRYNma+bCi07vs1kkoRQa\n67joZZgu3KFBI08MEx0XUivRz4Q5YS4E43dPl3DOoXvseH0U2zxUSBXJBDSR7sDe\nkkfP85iyYMmkuVKFaoglyNjaiCr1dzMGJ1pcws1Z8F4AGMQ7nrh6WcD+gNngy7CV\nI9M2zUFpKyX4LLo4GbzdA7kBIw4zHp6vXCAu+Mye0D7wd5G4n27icTgA0OOfI9Q9\nRmdHn3fivevSMVeqfzdcp4UY1pCIcQOSfKrTbd5xbU4XjAe4RL2ExXxFDAQ728tP\nG/N5MHWTpd7mr3A27kJEAuGsI5FNVxxk4iUAkhBrPwWVh7/37uBCMoO8oeB+tvt2\nX0aCoVMsSO9ZDmsm5S76PYXAv8uZDaKARuhj8IGExZtCsNUCcZMESq66QE2iwuuh\ny/U7/ZuicwOmdvjd9ehr7sZORaycdyYYMtllgg/xpG8RjoxS4dvhFC5MYxPdpnO9\nmL4j7y1iQ3oi5fu3X6tQ+Bhz4U4vRczgROPdcfVJrvVmr7e7nlRX71t/Mj2POn0G\nmhdqYhFZYar7K8D60ji3Wg8CAwEAAQ==\n-----END PUBLIC KEY-----\n",
            "rsa_bits": 4096
          },
          "sensitive_attributes": [
            [
              {
                "type": "get_attr",
                "value": "private_key_openssh"
              }
            ],
            [
              {
                "type": "get_attr",
                "value": "private_key_pem"
              }
            ],
            [
              {
                "type": "get_attr",
                "value": "private_key_pem_pkcs8"
              }
            ]
          ],
          "identity_schema_version": 0
        }
      ]
    }
  ],
  "check_results": null
}
